
Microsoft Visual Studio Solution File, Format Version 12.00
# Visual Studio Version 17
VisualStudioVersion = 17.13.35931.197 d17.13
MinimumVisualStudioVersion = 10.0.40219.1
Project("{FAE04EC0-301F-11D3-BF4B-00C04F79EFBC}") = "ConsoleApp", "ConsoleApp\ConsoleApp.csproj", "{AC6F89A9-BCD0-4984-9AAE-EF7F6511FFF9}"
EndProject
Project("{FAE04EC0-301F-11D3-BF4B-00C04F79EFBC}") = "DAL", "DAL\DAL.csproj", "{D693652B-2A03-42E6-B669-6966EAB867F0}"
EndProject
Project("{FAE04EC0-301F-11D3-BF4B-00C04F79EFBC}") = "WebApp", "WebApp\WebApp.csproj", "{72DC839F-6E04-4765-B470-770FEF10B287}"
EndProject
Project("{FAE04EC0-301F-11D3-BF4B-00C04F79EFBC}") = "Models", "Models\Models.csproj", "{42B25B0E-80F1-4712-A2AB-A691B4C716AC}"
EndProject
Global
	GlobalSection(SolutionConfigurationPlatforms) = preSolution
		Debug|Any CPU = Debug|Any CPU
		Release|Any CPU = Release|Any CPU
	EndGlobalSection
	GlobalSection(ProjectConfigurationPlatforms) = postSolution
		{AC6F89A9-BCD0-4984-9AAE-EF7F6511FFF9}.Debug|Any CPU.ActiveCfg = Debug|Any CPU
		{AC6F89A9-BCD0-4984-9AAE-EF7F6511FFF9}.Debug|Any CPU.Build.0 = Debug|Any CPU
		{AC6F89A9-BCD0-4984-9AAE-EF7F6511FFF9}.Release|Any CPU.ActiveCfg = Release|Any CPU
		{AC6F89A9-BCD0-4984-9AAE-EF7F6511FFF9}.Release|Any CPU.Build.0 = Release|Any CPU
		{D693652B-2A03-42E6-B669-6966EAB867F0}.Debug|Any CPU.ActiveCfg = Debug|Any CPU
		{D693652B-2A03-42E6-B669-6966EAB867F0}.Debug|Any CPU.Build.0 = Debug|Any CPU
		{D693652B-2A03-42E6-B669-6966EAB867F0}.Release|Any CPU.ActiveCfg = Release|Any CPU
		{D693652B-2A03-42E6-B669-6966EAB867F0}.Release|Any CPU.Build.0 = Release|Any CPU
		{72DC839F-6E04-4765-B470-770FEF10B287}.Debug|Any CPU.ActiveCfg = Debug|Any CPU
		{72DC839F-6E04-4765-B470-770FEF10B287}.Debug|Any CPU.Build.0 = Debug|Any CPU
		{72DC839F-6E04-4765-B470-770FEF10B287}.Release|Any CPU.ActiveCfg = Release|Any CPU
		{72DC839F-6E04-4765-B470-770FEF10B287}.Release|Any CPU.Build.0 = Release|Any CPU
		{42B25B0E-80F1-4712-A2AB-A691B4C716AC}.Debug|Any CPU.ActiveCfg = Debug|Any CPU
		{42B25B0E-80F1-4712-A2AB-A691B4C716AC}.Debug|Any CPU.Build.0 = Debug|Any CPU
		{42B25B0E-80F1-4712-A2AB-A691B4C716AC}.Release|Any CPU.ActiveCfg = Release|Any CPU
		{42B25B0E-80F1-4712-A2AB-A691B4C716AC}.Release|Any CPU.Build.0 = Release|Any CPU
	EndGlobalSection
	GlobalSection(SolutionProperties) = preSolution
		HideSolutionNode = FALSE
	EndGlobalSection
	GlobalSection(ExtensibilityGlobals) = postSolution
		SolutionGuid = {01F8F731-05BB-4B45-A6BF-235643D7126A}
	EndGlobalSection
EndGlobal
